
Microsoft Visual Studio Solution File, Format Version 12.00
# Visual Studio Version 16
VisualStudioVersion = 16.0.30907.101
MinimumVisualStudioVersion = 10.0.40219.1
Project("{FAE04EC0-301F-11D3-BF4B-00C04F79EFBC}") = "practicaGIT", "practicaGIT\practicaGIT.csproj", "{25E74E00-C19F-4AE7-A092-D487E72D4271}"
EndProject
Global
	GlobalSection(SolutionConfigurationPlatforms) = preSolution
		Debug|Any CPU = Debug|Any CPU
		Release|Any CPU = Release|Any CPU
	EndGlobalSection
	GlobalSection(ProjectConfigurationPlatforms) = postSolution
		{25E74E00-C19F-4AE7-A092-D487E72D4271}.Debug|Any CPU.ActiveCfg = Debug|Any CPU
		{25E74E00-C19F-4AE7-A092-D487E72D4271}.Debug|Any CPU.Build.0 = Debug|Any CPU
		{25E74E00-C19F-4AE7-A092-D487E72D4271}.Release|Any CPU.ActiveCfg = Release|Any CPU
		{25E74E00-C19F-4AE7-A092-D487E72D4271}.Release|Any CPU.Build.0 = Release|Any CPU
	EndGlobalSection
	GlobalSection(SolutionProperties) = preSolution
		HideSolutionNode = FALSE
	EndGlobalSection
	GlobalSection(ExtensibilityGlobals) = postSolution
		SolutionGuid = {BCE1DA32-F31F-4F76-AC2F-E221BC76FE00}
	EndGlobalSection
EndGlobal
